github.com/rasyadsr/go-say-hello v1.0.0 h1:7NFKahLFhFsDy/CufUUd3GdGHtH6v8k/4MqWAeIhBEU=
github.com/rasyadsr/go-say-hello v1.0.0/go.mod h1:vF9gztWwqdmYE3Q/Ch0qh2swDiB9MPfTD+cXtMlzcYE=
github.com/rasyadsr/go-say-hello v1.5.0 h1:gcvgONOPk09LwzDq6DryNAwEdOzkt/v/OqBorgJNfTQ=
github.com/rasyadsr/go-say-hello v1.5.0/go.mod h1:vF9gztWwqdmYE3Q/Ch0qh2swDiB9MPfTD+cXtMlzcYE=
